
Microsoft Visual Studio Solution File, Format Version 12.00
# Visual Studio Version 17
VisualStudioVersion = 17.0.31808.319
MinimumVisualStudioVersion = 10.0.40219.1
Project("{9A19103F-16F7-4668-BE54-9A1E7A4F7556}") = "BlogsApp", "BlogsApp\BlogsApp.csproj", "{38AB1578-F613-4C58-AC46-5498CEAB5C7A}"
EndProject
Project("{FAE04EC0-301F-11D3-BF4B-00C04F79EFBC}") = "BlogsRepo", "BlogsRepo\BlogsRepo.csproj", "{35D4D1CC-4207-42E0-996D-63A13165D65E}"
EndProject
Global
	GlobalSection(SolutionConfigurationPlatforms) = preSolution
		Debug|Any CPU = Debug|Any CPU
		Release|Any CPU = Release|Any CPU
	EndGlobalSection
	GlobalSection(ProjectConfigurationPlatforms) = postSolution
		{38AB1578-F613-4C58-AC46-5498CEAB5C7A}.Debug|Any CPU.ActiveCfg = Debug|Any CPU
		{38AB1578-F613-4C58-AC46-5498CEAB5C7A}.Debug|Any CPU.Build.0 = Debug|Any CPU
		{38AB1578-F613-4C58-AC46-5498CEAB5C7A}.Release|Any CPU.ActiveCfg = Release|Any CPU
		{38AB1578-F613-4C58-AC46-5498CEAB5C7A}.Release|Any CPU.Build.0 = Release|Any CPU
		{35D4D1CC-4207-42E0-996D-63A13165D65E}.Debug|Any CPU.ActiveCfg = Debug|Any CPU
		{35D4D1CC-4207-42E0-996D-63A13165D65E}.Debug|Any CPU.Build.0 = Debug|Any CPU
		{35D4D1CC-4207-42E0-996D-63A13165D65E}.Release|Any CPU.ActiveCfg = Release|Any CPU
		{35D4D1CC-4207-42E0-996D-63A13165D65E}.Release|Any CPU.Build.0 = Release|Any CPU
	EndGlobalSection
	GlobalSection(SolutionProperties) = preSolution
		HideSolutionNode = FALSE
	EndGlobalSection
	GlobalSection(ExtensibilityGlobals) = postSolution
		SolutionGuid = {B634841F-07A0-4CE5-8275-E1C14FAE0890}
	EndGlobalSection
EndGlobal
