
Microsoft Visual Studio Solution File, Format Version 12.00
# Visual Studio Version 16
VisualStudioVersion = 16.0.30413.136
MinimumVisualStudioVersion = 10.0.40219.1
Project("{FAE04EC0-301F-11D3-BF4B-00C04F79EFBC}") = "MvxStarter.Wpf", "MvxStarter.Wpf\MvxStarter.Wpf.csproj", "{46A7DBF9-A756-4A7F-AF62-56B3E8417AC1}"
EndProject
Project("{FAE04EC0-301F-11D3-BF4B-00C04F79EFBC}") = "MvvxCatalogProject.Core", "MvvxCatalogProject.Core\MvvxCatalogProject.Core.csproj", "{EAE3D93A-4D4B-4BD2-9287-782647D85C2E}"
EndProject
Global
	GlobalSection(SolutionConfigurationPlatforms) = preSolution
		Debug|Any CPU = Debug|Any CPU
		Release|Any CPU = Release|Any CPU
	EndGlobalSection
	GlobalSection(ProjectConfigurationPlatforms) = postSolution
		{46A7DBF9-A756-4A7F-AF62-56B3E8417AC1}.Debug|Any CPU.ActiveCfg = Debug|Any CPU
		{46A7DBF9-A756-4A7F-AF62-56B3E8417AC1}.Debug|Any CPU.Build.0 = Debug|Any CPU
		{46A7DBF9-A756-4A7F-AF62-56B3E8417AC1}.Release|Any CPU.ActiveCfg = Release|Any CPU
		{46A7DBF9-A756-4A7F-AF62-56B3E8417AC1}.Release|Any CPU.Build.0 = Release|Any CPU
		{EAE3D93A-4D4B-4BD2-9287-782647D85C2E}.Debug|Any CPU.ActiveCfg = Debug|Any CPU
		{EAE3D93A-4D4B-4BD2-9287-782647D85C2E}.Debug|Any CPU.Build.0 = Debug|Any CPU
		{EAE3D93A-4D4B-4BD2-9287-782647D85C2E}.Release|Any CPU.ActiveCfg = Release|Any CPU
		{EAE3D93A-4D4B-4BD2-9287-782647D85C2E}.Release|Any CPU.Build.0 = Release|Any CPU
	EndGlobalSection
	GlobalSection(SolutionProperties) = preSolution
		HideSolutionNode = FALSE
	EndGlobalSection
	GlobalSection(ExtensibilityGlobals) = postSolution
		SolutionGuid = {8D96D605-C9AF-463E-9DC5-9D7788A70581}
	EndGlobalSection
EndGlobal
